
Microsoft Visual Studio Solution File, Format Version 12.00
# Visual Studio Version 16
VisualStudioVersion = 16.0.30002.166
MinimumVisualStudioVersion = 10.0.40219.1
Project("{FAE04EC0-301F-11D3-BF4B-00C04F79EFBC}") = "DataAccessExample", "DataAccessExample.csproj", "{CF1E1E89-6A1D-42CC-9F76-D8674E0DD99B}"
EndProject
Global
	GlobalSection(SolutionConfigurationPlatforms) = preSolution
		Debug|Any CPU = Debug|Any CPU
		Release|Any CPU = Release|Any CPU
	EndGlobalSection
	GlobalSection(ProjectConfigurationPlatforms) = postSolution
		{CF1E1E89-6A1D-42CC-9F76-D8674E0DD99B}.Debug|Any CPU.ActiveCfg = Debug|Any CPU
		{CF1E1E89-6A1D-42CC-9F76-D8674E0DD99B}.Debug|Any CPU.Build.0 = Debug|Any CPU
		{CF1E1E89-6A1D-42CC-9F76-D8674E0DD99B}.Release|Any CPU.ActiveCfg = Release|Any CPU
		{CF1E1E89-6A1D-42CC-9F76-D8674E0DD99B}.Release|Any CPU.Build.0 = Release|Any CPU
	EndGlobalSection
	GlobalSection(SolutionProperties) = preSolution
		HideSolutionNode = FALSE
	EndGlobalSection
	GlobalSection(ExtensibilityGlobals) = postSolution
		SolutionGuid = {91A9F6B8-DA39-4BDF-82B3-B1D954B1CF30}
	EndGlobalSection
EndGlobal
